// !$*UTF8*$!
{
	archiveVersion = 1;
	classes = {
	};
	objectVersion = 56;
	objects = {

/* Begin PBXBuildFile section */
		3AEEC0932B9F1DFC0037FF3D /* drfApp.swift in Sources */ = {isa = PBXBuildFile; fileRef = 3AEEC0922B9F1DFC0037FF3D /* drfApp.swift */; };
		3AEEC0952B9F1DFC0037FF3D /* ContentView.swift in Sources */ = {isa = PBXBuildFile; fileRef = 3AEEC0942B9F1DFC0037FF3D /* ContentView.swift */; };
		3AEEC0972B9F1DFD0037FF3D /* Assets.xcassets in Resources */ = {isa = PBXBuildFile; fileRef = 3AEEC0962B9F1DFD0037FF3D /* Assets.xcassets */; };
		3AEEC09B2B9F1DFD0037FF3D /* Preview Assets.xcassets in Resources */ = {isa = PBXBuildFile; fileRef = 3AEEC09A2B9F1DFD0037FF3D /* Preview Assets.xcassets */; };
		3AEEC0A22B9F1EFB0037FF3D /* Client.swift in Sources */ = {isa = PBXBuildFile; fileRef = 3AEEC0A12B9F1EFB0037FF3D /* Client.swift */; };
		3AEEC0A42B9F1FC80037FF3D /* Response.swift in Sources */ = {isa = PBXBuildFile; fileRef = 3AEEC0A32B9F1FC80037FF3D /* Response.swift */; };
		3AEEC0A72B9F20320037FF3D /* Customer.swift in Sources */ = {isa = PBXBuildFile; fileRef = 3AEEC0A62B9F20320037FF3D /* Customer.swift */; };
		3AEEC0AB2B9F233B0037FF3D /* ResponseAuthToken.swift in Sources */ = {isa = PBXBuildFile; fileRef = 3AEEC0AA2B9F233B0037FF3D /* ResponseAuthToken.swift */; };
		3AEEC0AD2B9F43AA0037FF3D /* ResponseError.swift in Sources */ = {isa = PBXBuildFile; fileRef = 3AEEC0AC2B9F43AA0037FF3D /* ResponseError.swift */; };
		3AEEC0AF2B9F43C70037FF3D /* ResponseList.swift in Sources */ = {isa = PBXBuildFile; fileRef = 3AEEC0AE2B9F43C70037FF3D /* ResponseList.swift */; };
		3AEEC0B12B9F48FC0037FF3D /* ResponseType.swift in Sources */ = {isa = PBXBuildFile; fileRef = 3AEEC0B02B9F48FC0037FF3D /* ResponseType.swift */; };
/* End PBXBuildFile section */

/* Begin PBXFileReference section */
		3AEEC08F2B9F1DFC0037FF3D /* drf.app */ = {isa = PBXFileReference; explicitFileType = wrapper.application; includeInIndex = 0; path = drf.app; sourceTree = BUILT_PRODUCTS_DIR; };
		3AEEC0922B9F1DFC0037FF3D /* drfApp.swift */ = {isa = PBXFileReference; lastKnownFileType = sourcecode.swift; path = drfApp.swift; sourceTree = "<group>"; };
		3AEEC0942B9F1DFC0037FF3D /* ContentView.swift */ = {isa = PBXFileReference; lastKnownFileType = sourcecode.swift; path = ContentView.swift; sourceTree = "<group>"; };
		3AEEC0962B9F1DFD0037FF3D /* Assets.xcassets */ = {isa = PBXFileReference; lastKnownFileType = folder.assetcatalog; path = Assets.xcassets; sourceTree = "<group>"; };
		3AEEC0982B9F1DFD0037FF3D /* drf.entitlements */ = {isa = PBXFileReference; lastKnownFileType = text.plist.entitlements; path = drf.entitlements; sourceTree = "<group>"; };
		3AEEC09A2B9F1DFD0037FF3D /* Preview Assets.xcassets */ = {isa = PBXFileReference; lastKnownFileType = folder.assetcatalog; path = "Preview Assets.xcassets"; sourceTree = "<group>"; };
		3AEEC0A12B9F1EFB0037FF3D /* Client.swift */ = {isa = PBXFileReference; lastKnownFileType = sourcecode.swift; path = Client.swift; sourceTree = "<group>"; };
		3AEEC0A32B9F1FC80037FF3D /* Response.swift */ = {isa = PBXFileReference; lastKnownFileType = sourcecode.swift; path = Response.swift; sourceTree = "<group>"; };
		3AEEC0A62B9F20320037FF3D /* Customer.swift */ = {isa = PBXFileReference; lastKnownFileType = sourcecode.swift; path = Customer.swift; sourceTree = "<group>"; };
		3AEEC0AA2B9F233B0037FF3D /* ResponseAuthToken.swift */ = {isa = PBXFileReference; lastKnownFileType = sourcecode.swift; path = ResponseAuthToken.swift; sourceTree = "<group>"; };
		3AEEC0AC2B9F43AA0037FF3D /* ResponseError.swift */ = {isa = PBXFileReference; lastKnownFileType = sourcecode.swift; path = ResponseError.swift; sourceTree = "<group>"; };
		3AEEC0AE2B9F43C70037FF3D /* ResponseList.swift */ = {isa = PBXFileReference; lastKnownFileType = sourcecode.swift; path = ResponseList.swift; sourceTree = "<group>"; };
		3AEEC0B02B9F48FC0037FF3D /* ResponseType.swift */ = {isa = PBXFileReference; lastKnownFileType = sourcecode.swift; path = ResponseType.swift; sourceTree = "<group>"; };
/* End PBXFileReference section */

/* Begin PBXFrameworksBuildPhase section */
		3AEEC08C2B9F1DFC0037FF3D /* Frameworks */ = {
			isa = PBXFrameworksBuildPhase;
			buildActionMask = 2147483647;
			files = (
			);
			runOnlyForDeploymentPostprocessing = 0;
		};
/* End PBXFrameworksBuildPhase section */

/* Begin PBXGroup section */
		3AEEC0862B9F1DFC0037FF3D = {
			isa = PBXGroup;
			children = (
				3AEEC0912B9F1DFC0037FF3D /* drf */,
				3AEEC0902B9F1DFC0037FF3D /* Products */,
			);
			sourceTree = "<group>";
		};
		3AEEC0902B9F1DFC0037FF3D /* Products */ = {
			isa = PBXGroup;
			children = (
				3AEEC08F2B9F1DFC0037FF3D /* drf.app */,
			);
			name = Products;
			sourceTree = "<group>";
		};
		3AEEC0912B9F1DFC0037FF3D /* drf */ = {
			isa = PBXGroup;
			children = (
				3AEEC0962B9F1DFD0037FF3D /* Assets.xcassets */,
				3AEEC0B22B9F491B0037FF3D /* DRF */,
				3AEEC0982B9F1DFD0037FF3D /* drf.entitlements */,
				3AEEC0922B9F1DFC0037FF3D /* drfApp.swift */,
				3AEEC0A52B9F201F0037FF3D /* Models */,
				3AEEC0992B9F1DFD0037FF3D /* Preview Content */,
				3AEEC0A92B9F20A30037FF3D /* Views */,
			);
			path = drf;
			sourceTree = "<group>";
		};
		3AEEC0992B9F1DFD0037FF3D /* Preview Content */ = {
			isa = PBXGroup;
			children = (
				3AEEC09A2B9F1DFD0037FF3D /* Preview Assets.xcassets */,
			);
			path = "Preview Content";
			sourceTree = "<group>";
		};
		3AEEC0A52B9F201F0037FF3D /* Models */ = {
			isa = PBXGroup;
			children = (
				3AEEC0A62B9F20320037FF3D /* Customer.swift */,
			);
			path = Models;
			sourceTree = "<group>";
		};
		3AEEC0A92B9F20A30037FF3D /* Views */ = {
			isa = PBXGroup;
			children = (
				3AEEC0942B9F1DFC0037FF3D /* ContentView.swift */,
			);
			path = Views;
			sourceTree = "<group>";
		};
		3AEEC0B22B9F491B0037FF3D /* DRF */ = {
			isa = PBXGroup;
			children = (
				3AEEC0A12B9F1EFB0037FF3D /* Client.swift */,
				3AEEC0A32B9F1FC80037FF3D /* Response.swift */,
				3AEEC0AA2B9F233B0037FF3D /* ResponseAuthToken.swift */,
				3AEEC0AC2B9F43AA0037FF3D /* ResponseError.swift */,
				3AEEC0AE2B9F43C70037FF3D /* ResponseList.swift */,
				3AEEC0B02B9F48FC0037FF3D /* ResponseType.swift */,
			);
			path = DRF;
			sourceTree = "<group>";
		};
/* End PBXGroup section */

/* Begin PBXNativeTarget section */
		3AEEC08E2B9F1DFC0037FF3D /* drf */ = {
			isa = PBXNativeTarget;
			buildConfigurationList = 3AEEC09E2B9F1DFD0037FF3D /* Build configuration list for PBXNativeTarget "drf" */;
			buildPhases = (
				3AEEC08B2B9F1DFC0037FF3D /* Sources */,
				3AEEC08C2B9F1DFC0037FF3D /* Frameworks */,
				3AEEC08D2B9F1DFC0037FF3D /* Resources */,
			);
			buildRules = (
			);
			dependencies = (
			);
			name = drf;
			productName = drf;
			productReference = 3AEEC08F2B9F1DFC0037FF3D /* drf.app */;
			productType = "com.apple.product-type.application";
		};
/* End PBXNativeTarget section */

/* Begin PBXProject section */
		3AEEC0872B9F1DFC0037FF3D /* Project object */ = {
			isa = PBXProject;
			attributes = {
				BuildIndependentTargetsInParallel = 1;
				LastSwiftUpdateCheck = 1530;
				LastUpgradeCheck = 1530;
				TargetAttributes = {
					3AEEC08E2B9F1DFC0037FF3D = {
						CreatedOnToolsVersion = 15.3;
					};
				};
			};
			buildConfigurationList = 3AEEC08A2B9F1DFC0037FF3D /* Build configuration list for PBXProject "drf" */;
			compatibilityVersion = "Xcode 14.0";
			developmentRegion = en;
			hasScannedForEncodings = 0;
			knownRegions = (
				en,
				Base,
			);
			mainGroup = 3AEEC0862B9F1DFC0037FF3D;
			productRefGroup = 3AEEC0902B9F1DFC0037FF3D /* Products */;
			projectDirPath = "";
			projectRoot = "";
			targets = (
				3AEEC08E2B9F1DFC0037FF3D /* drf */,
			);
		};
/* End PBXProject section */

/* Begin PBXResourcesBuildPhase section */
		3AEEC08D2B9F1DFC0037FF3D /* Resources */ = {
			isa = PBXResourcesBuildPhase;
			buildActionMask = 2147483647;
			files = (
				3AEEC09B2B9F1DFD0037FF3D /* Preview Assets.xcassets in Resources */,
				3AEEC0972B9F1DFD0037FF3D /* Assets.xcassets in Resources */,
			);
			runOnlyForDeploymentPostprocessing = 0;
		};
/* End PBXResourcesBuildPhase section */

/* Begin PBXSourcesBuildPhase section */
		3AEEC08B2B9F1DFC0037FF3D /* Sources */ = {
			isa = PBXSourcesBuildPhase;
			buildActionMask = 2147483647;
			files = (
				3AEEC0952B9F1DFC0037FF3D /* ContentView.swift in Sources */,
				3AEEC0AD2B9F43AA0037FF3D /* ResponseError.swift in Sources */,
				3AEEC0AB2B9F233B0037FF3D /* ResponseAuthToken.swift in Sources */,
				3AEEC0A72B9F20320037FF3D /* Customer.swift in Sources */,
				3AEEC0B12B9F48FC0037FF3D /* ResponseType.swift in Sources */,
				3AEEC0AF2B9F43C70037FF3D /* ResponseList.swift in Sources */,
				3AEEC0932B9F1DFC0037FF3D /* drfApp.swift in Sources */,
				3AEEC0A42B9F1FC80037FF3D /* Response.swift in Sources */,
				3AEEC0A22B9F1EFB0037FF3D /* Client.swift in Sources */,
			);
			runOnlyForDeploymentPostprocessing = 0;
		};
/* End PBXSourcesBuildPhase section */

/* Begin XCBuildConfiguration section */
		3AEEC09C2B9F1DFD0037FF3D /* Debug */ = {
			isa = XCBuildConfiguration;
			buildSettings = {
				ALWAYS_SEARCH_USER_PATHS = NO;
				ASSETCATALOG_COMPILER_GENERATE_SWIFT_ASSET_SYMBOL_EXTENSIONS = YES;
				CLANG_ANALYZER_NONNULL = YES;
				CLANG_ANALYZER_NUMBER_OBJECT_CONVERSION = YES_AGGRESSIVE;
				CLANG_CXX_LANGUAGE_STANDARD = "gnu++20";
				CLANG_ENABLE_MODULES = YES;
				CLANG_ENABLE_OBJC_ARC = YES;
				CLANG_ENABLE_OBJC_WEAK = YES;
				CLANG_WARN_BLOCK_CAPTURE_AUTORELEASING = YES;
				CLANG_WARN_BOOL_CONVERSION = YES;
				CLANG_WARN_COMMA = YES;
				CLANG_WARN_CONSTANT_CONVERSION = YES;
				CLANG_WARN_DEPRECATED_OBJC_IMPLEMENTATIONS = YES;
				CLANG_WARN_DIRECT_OBJC_ISA_USAGE = YES_ERROR;
				CLANG_WARN_DOCUMENTATION_COMMENTS = YES;
				CLANG_WARN_EMPTY_BODY = YES;
				CLANG_WARN_ENUM_CONVERSION = YES;
				CLANG_WARN_INFINITE_RECURSION = YES;
				CLANG_WARN_INT_CONVERSION = YES;
				CLANG_WARN_NON_LITERAL_NULL_CONVERSION = YES;
				CLANG_WARN_OBJC_IMPLICIT_RETAIN_SELF = YES;
				CLANG_WARN_OBJC_LITERAL_CONVERSION = YES;
				CLANG_WARN_OBJC_ROOT_CLASS = YES_ERROR;
				CLANG_WARN_QUOTED_INCLUDE_IN_FRAMEWORK_HEADER = YES;
				CLANG_WARN_RANGE_LOOP_ANALYSIS = YES;
				CLANG_WARN_STRICT_PROTOTYPES = YES;
				CLANG_WARN_SUSPICIOUS_MOVE = YES;
				CLANG_WARN_UNGUARDED_AVAILABILITY = YES_AGGRESSIVE;
				CLANG_WARN_UNREACHABLE_CODE = YES;
				CLANG_WARN__DUPLICATE_METHOD_MATCH = YES;
				COPY_PHASE_STRIP = NO;
				DEBUG_INFORMATION_FORMAT = dwarf;
				ENABLE_STRICT_OBJC_MSGSEND = YES;
				ENABLE_TESTABILITY = YES;
				ENABLE_USER_SCRIPT_SANDBOXING = YES;
				GCC_C_LANGUAGE_STANDARD = gnu17;
				GCC_DYNAMIC_NO_PIC = NO;
				GCC_NO_COMMON_BLOCKS = YES;
				GCC_OPTIMIZATION_LEVEL = 0;
				GCC_PREPROCESSOR_DEFINITIONS = (
					"DEBUG=1",
					"$(inherited)",
				);
				GCC_WARN_64_TO_32_BIT_CONVERSION = YES;
				GCC_WARN_ABOUT_RETURN_TYPE = YES_ERROR;
				GCC_WARN_UNDECLARED_SELECTOR = YES;
				GCC_WARN_UNINITIALIZED_AUTOS = YES_AGGRESSIVE;
				GCC_WARN_UNUSED_FUNCTION = YES;
				GCC_WARN_UNUSED_VARIABLE = YES;
				LOCALIZATION_PREFERS_STRING_CATALOGS = YES;
				MTL_ENABLE_DEBUG_INFO = INCLUDE_SOURCE;
				MTL_FAST_MATH = YES;
				ONLY_ACTIVE_ARCH = YES;
				SWIFT_ACTIVE_COMPILATION_CONDITIONS = "DEBUG $(inherited)";
				SWIFT_OPTIMIZATION_LEVEL = "-Onone";
			};
			name = Debug;
		};
		3AEEC09D2B9F1DFD0037FF3D /* Release */ = {
			isa = XCBuildConfiguration;
			buildSettings = {
				ALWAYS_SEARCH_USER_PATHS = NO;
				ASSETCATALOG_COMPILER_GENERATE_SWIFT_ASSET_SYMBOL_EXTENSIONS = YES;
				CLANG_ANALYZER_NONNULL = YES;
				CLANG_ANALYZER_NUMBER_OBJECT_CONVERSION = YES_AGGRESSIVE;
				CLANG_CXX_LANGUAGE_STANDARD = "gnu++20";
				CLANG_ENABLE_MODULES = YES;
				CLANG_ENABLE_OBJC_ARC = YES;
				CLANG_ENABLE_OBJC_WEAK = YES;
				CLANG_WARN_BLOCK_CAPTURE_AUTORELEASING = YES;
				CLANG_WARN_BOOL_CONVERSION = YES;
				CLANG_WARN_COMMA = YES;
				CLANG_WARN_CONSTANT_CONVERSION = YES;
				CLANG_WARN_DEPRECATED_OBJC_IMPLEMENTATIONS = YES;
				CLANG_WARN_DIRECT_OBJC_ISA_USAGE = YES_ERROR;
				CLANG_WARN_DOCUMENTATION_COMMENTS = YES;
				CLANG_WARN_EMPTY_BODY = YES;
				CLANG_WARN_ENUM_CONVERSION = YES;
				CLANG_WARN_INFINITE_RECURSION = YES;
				CLANG_WARN_INT_CONVERSION = YES;
				CLANG_WARN_NON_LITERAL_NULL_CONVERSION = YES;
				CLANG_WARN_OBJC_IMPLICIT_RETAIN_SELF = YES;
				CLANG_WARN_OBJC_LITERAL_CONVERSION = YES;
				CLANG_WARN_OBJC_ROOT_CLASS = YES_ERROR;
				CLANG_WARN_QUOTED_INCLUDE_IN_FRAMEWORK_HEADER = YES;
				CLANG_WARN_RANGE_LOOP_ANALYSIS = YES;
				CLANG_WARN_STRICT_PROTOTYPES = YES;
				CLANG_WARN_SUSPICIOUS_MOVE = YES;
				CLANG_WARN_UNGUARDED_AVAILABILITY = YES_AGGRESSIVE;
				CLANG_WARN_UNREACHABLE_CODE = YES;
				CLANG_WARN__DUPLICATE_METHOD_MATCH = YES;
				COPY_PHASE_STRIP = NO;
				DEBUG_INFORMATION_FORMAT = "dwarf-with-dsym";
				ENABLE_NS_ASSERTIONS = NO;
				ENABLE_STRICT_OBJC_MSGSEND = YES;
				ENABLE_USER_SCRIPT_SANDBOXING = YES;
				GCC_C_LANGUAGE_STANDARD = gnu17;
				GCC_NO_COMMON_BLOCKS = YES;
				GCC_WARN_64_TO_32_BIT_CONVERSION = YES;
				GCC_WARN_ABOUT_RETURN_TYPE = YES_ERROR;
				GCC_WARN_UNDECLARED_SELECTOR = YES;
				GCC_WARN_UNINITIALIZED_AUTOS = YES_AGGRESSIVE;
				GCC_WARN_UNUSED_FUNCTION = YES;
				GCC_WARN_UNUSED_VARIABLE = YES;
				LOCALIZATION_PREFERS_STRING_CATALOGS = YES;
				MTL_ENABLE_DEBUG_INFO = NO;
				MTL_FAST_MATH = YES;
				SWIFT_COMPILATION_MODE = wholemodule;
			};
			name = Release;
		};
		3AEEC09F2B9F1DFD0037FF3D /* Debug */ = {
			isa = XCBuildConfiguration;
			buildSettings = {
				ASSETCATALOG_COMPILER_APPICON_NAME = AppIcon;
				ASSETCATALOG_COMPILER_GLOBAL_ACCENT_COLOR_NAME = AccentColor;
				CODE_SIGN_ENTITLEMENTS = drf/drf.entitlements;
				"CODE_SIGN_IDENTITY[sdk=macosx*]" = "-";
				CODE_SIGN_STYLE = Automatic;
				CURRENT_PROJECT_VERSION = 1;
				DEVELOPMENT_ASSET_PATHS = "\"drf/Preview Content\"";
				DEVELOPMENT_TEAM = 99AHAA343Q;
				ENABLE_PREVIEWS = YES;
				GENERATE_INFOPLIST_FILE = YES;
				"INFOPLIST_KEY_UIApplicationSceneManifest_Generation[sdk=iphoneos*]" = YES;
				"INFOPLIST_KEY_UIApplicationSceneManifest_Generation[sdk=iphonesimulator*]" = YES;
				"INFOPLIST_KEY_UIApplicationSupportsIndirectInputEvents[sdk=iphoneos*]" = YES;
				"INFOPLIST_KEY_UIApplicationSupportsIndirectInputEvents[sdk=iphonesimulator*]" = YES;
				"INFOPLIST_KEY_UILaunchScreen_Generation[sdk=iphoneos*]" = YES;
				"INFOPLIST_KEY_UILaunchScreen_Generation[sdk=iphonesimulator*]" = YES;
				"INFOPLIST_KEY_UIStatusBarStyle[sdk=iphoneos*]" = UIStatusBarStyleDefault;
				"INFOPLIST_KEY_UIStatusBarStyle[sdk=iphonesimulator*]" = UIStatusBarStyleDefault;
				INFOPLIST_KEY_UISupportedInterfaceOrientations_iPad = "UIInterfaceOrientationPortrait UIInterfaceOrientationPortraitUpsideDown UIInterfaceOrientationLandscapeLeft UIInterfaceOrientationLandscapeRight";
				INFOPLIST_KEY_UISupportedInterfaceOrientations_iPhone = "UIInterfaceOrientationPortrait UIInterfaceOrientationLandscapeLeft UIInterfaceOrientationLandscapeRight";
				IPHONEOS_DEPLOYMENT_TARGET = 17.4;
				LD_RUNPATH_SEARCH_PATHS = "@executable_path/Frameworks";
				"LD_RUNPATH_SEARCH_PATHS[sdk=macosx*]" = "@executable_path/../Frameworks";
				MACOSX_DEPLOYMENT_TARGET = 14.3;
				MARKETING_VERSION = 1.0;
				PRODUCT_BUNDLE_IDENTIFIER = com.paulocoutinho.drf;
				PRODUCT_NAME = "$(TARGET_NAME)";
				SDKROOT = auto;
				SUPPORTED_PLATFORMS = "iphoneos iphonesimulator macosx";
				SWIFT_EMIT_LOC_STRINGS = YES;
				SWIFT_VERSION = 5.0;
				TARGETED_DEVICE_FAMILY = "1,2";
			};
			name = Debug;
		};
		3AEEC0A02B9F1DFD0037FF3D /* Release */ = {
			isa = XCBuildConfiguration;
			buildSettings = {
				ASSETCATALOG_COMPILER_APPICON_NAME = AppIcon;
				ASSETCATALOG_COMPILER_GLOBAL_ACCENT_COLOR_NAME = AccentColor;
				CODE_SIGN_ENTITLEMENTS = drf/drf.entitlements;
				"CODE_SIGN_IDENTITY[sdk=macosx*]" = "-";
				CODE_SIGN_STYLE = Automatic;
				CURRENT_PROJECT_VERSION = 1;
				DEVELOPMENT_ASSET_PATHS = "\"drf/Preview Content\"";
				DEVELOPMENT_TEAM = 99AHAA343Q;
				ENABLE_PREVIEWS = YES;
				GENERATE_INFOPLIST_FILE = YES;
				"INFOPLIST_KEY_UIApplicationSceneManifest_Generation[sdk=iphoneos*]" = YES;
				"INFOPLIST_KEY_UIApplicationSceneManifest_Generation[sdk=iphonesimulator*]" = YES;
				"INFOPLIST_KEY_UIApplicationSupportsIndirectInputEvents[sdk=iphoneos*]" = YES;
				"INFOPLIST_KEY_UIApplicationSupportsIndirectInputEvents[sdk=iphonesimulator*]" = YES;
				"INFOPLIST_KEY_UILaunchScreen_Generation[sdk=iphoneos*]" = YES;
				"INFOPLIST_KEY_UILaunchScreen_Generation[sdk=iphonesimulator*]" = YES;
				"INFOPLIST_KEY_UIStatusBarStyle[sdk=iphoneos*]" = UIStatusBarStyleDefault;
				"INFOPLIST_KEY_UIStatusBarStyle[sdk=iphonesimulator*]" = UIStatusBarStyleDefault;
				INFOPLIST_KEY_UISupportedInterfaceOrientations_iPad = "UIInterfaceOrientationPortrait UIInterfaceOrientationPortraitUpsideDown UIInterfaceOrientationLandscapeLeft UIInterfaceOrientationLandscapeRight";
				INFOPLIST_KEY_UISupportedInterfaceOrientations_iPhone = "UIInterfaceOrientationPortrait UIInterfaceOrientationLandscapeLeft UIInterfaceOrientationLandscapeRight";
				IPHONEOS_DEPLOYMENT_TARGET = 17.4;
				LD_RUNPATH_SEARCH_PATHS = "@executable_path/Frameworks";
				"LD_RUNPATH_SEARCH_PATHS[sdk=macosx*]" = "@executable_path/../Frameworks";
				MACOSX_DEPLOYMENT_TARGET = 14.3;
				MARKETING_VERSION = 1.0;
				PRODUCT_BUNDLE_IDENTIFIER = com.paulocoutinho.drf;
				PRODUCT_NAME = "$(TARGET_NAME)";
				SDKROOT = auto;
				SUPPORTED_PLATFORMS = "iphoneos iphonesimulator macosx";
				SWIFT_EMIT_LOC_STRINGS = YES;
				SWIFT_VERSION = 5.0;
				TARGETED_DEVICE_FAMILY = "1,2";
			};
			name = Release;
		};
/* End XCBuildConfiguration section */

/* Begin XCConfigurationList section */
		3AEEC08A2B9F1DFC0037FF3D /* Build configuration list for PBXProject "drf" */ = {
			isa = XCConfigurationList;
			buildConfigurations = (
				3AEEC09C2B9F1DFD0037FF3D /* Debug */,
				3AEEC09D2B9F1DFD0037FF3D /* Release */,
			);
			defaultConfigurationIsVisible = 0;
			defaultConfigurationName = Release;
		};
		3AEEC09E2B9F1DFD0037FF3D /* Build configuration list for PBXNativeTarget "drf" */ = {
			isa = XCConfigurationList;
			buildConfigurations = (
				3AEEC09F2B9F1DFD0037FF3D /* Debug */,
				3AEEC0A02B9F1DFD0037FF3D /* Release */,
			);
			defaultConfigurationIsVisible = 0;
			defaultConfigurationName = Release;
		};
/* End XCConfigurationList section */
	};
	rootObject = 3AEEC0872B9F1DFC0037FF3D /* Project object */;
}
